
Microsoft Visual Studio Solution File, Format Version 12.00
# Visual Studio Version 17
VisualStudioVersion = 17.7.34031.279
MinimumVisualStudioVersion = 10.0.40219.1
Project("{8BC9CEB8-8B4A-11D0-8D11-00A0C91BC942}") = "lab29", "lab29\lab29.vcxproj", "{42F5029B-5593-4A55-9156-3C7677CDCA05}"
EndProject
Global
	GlobalSection(SolutionConfigurationPlatforms) = preSolution
		Debug|x64 = Debug|x64
		Debug|x86 = Debug|x86
		Release|x64 = Release|x64
		Release|x86 = Release|x86
	EndGlobalSection
	GlobalSection(ProjectConfigurationPlatforms) = postSolution
		{42F5029B-5593-4A55-9156-3C7677CDCA05}.Debug|x64.ActiveCfg = Debug|x64
		{42F5029B-5593-4A55-9156-3C7677CDCA05}.Debug|x64.Build.0 = Debug|x64
		{42F5029B-5593-4A55-9156-3C7677CDCA05}.Debug|x86.ActiveCfg = Debug|Win32
		{42F5029B-5593-4A55-9156-3C7677CDCA05}.Debug|x86.Build.0 = Debug|Win32
		{42F5029B-5593-4A55-9156-3C7677CDCA05}.Release|x64.ActiveCfg = Release|x64
		{42F5029B-5593-4A55-9156-3C7677CDCA05}.Release|x64.Build.0 = Release|x64
		{42F5029B-5593-4A55-9156-3C7677CDCA05}.Release|x86.ActiveCfg = Release|Win32
		{42F5029B-5593-4A55-9156-3C7677CDCA05}.Release|x86.Build.0 = Release|Win32
	EndGlobalSection
	GlobalSection(SolutionProperties) = preSolution
		HideSolutionNode = FALSE
	EndGlobalSection
	GlobalSection(ExtensibilityGlobals) = postSolution
		SolutionGuid = {3F49863C-AF15-4041-B312-76C19A8D8068}
	EndGlobalSection
EndGlobal
